
Microsoft Visual Studio Solution File, Format Version 12.00
# Visual Studio Version 17
VisualStudioVersion = 17.4.33122.133
MinimumVisualStudioVersion = 10.0.40219.1
Project("{FAE04EC0-301F-11D3-BF4B-00C04F79EFBC}") = "Stock.API", "Stock.API\Stock.API.csproj", "{0A4D68FB-B348-4835-BCE3-65917E736598}"
EndProject
Project("{FAE04EC0-301F-11D3-BF4B-00C04F79EFBC}") = "Order.API", "Order.API\Order.API.csproj", "{62CE6789-E754-490E-9C99-F25E0472FE29}"
EndProject
Project("{FAE04EC0-301F-11D3-BF4B-00C04F79EFBC}") = "Payment.API", "Payment.API\Payment.API.csproj", "{7517BED7-5217-41EE-8C52-5D85F2D1D904}"
EndProject
Project("{FAE04EC0-301F-11D3-BF4B-00C04F79EFBC}") = "Coordinator", "Coordinator\Coordinator.csproj", "{4196ACAA-0AD5-490F-89D0-4DD209E96A93}"
EndProject
Global
	GlobalSection(SolutionConfigurationPlatforms) = preSolution
		Debug|Any CPU = Debug|Any CPU
		Release|Any CPU = Release|Any CPU
	EndGlobalSection
	GlobalSection(ProjectConfigurationPlatforms) = postSolution
		{0A4D68FB-B348-4835-BCE3-65917E736598}.Debug|Any CPU.ActiveCfg = Debug|Any CPU
		{0A4D68FB-B348-4835-BCE3-65917E736598}.Debug|Any CPU.Build.0 = Debug|Any CPU
		{0A4D68FB-B348-4835-BCE3-65917E736598}.Release|Any CPU.ActiveCfg = Release|Any CPU
		{0A4D68FB-B348-4835-BCE3-65917E736598}.Release|Any CPU.Build.0 = Release|Any CPU
		{62CE6789-E754-490E-9C99-F25E0472FE29}.Debug|Any CPU.ActiveCfg = Debug|Any CPU
		{62CE6789-E754-490E-9C99-F25E0472FE29}.Debug|Any CPU.Build.0 = Debug|Any CPU
		{62CE6789-E754-490E-9C99-F25E0472FE29}.Release|Any CPU.ActiveCfg = Release|Any CPU
		{62CE6789-E754-490E-9C99-F25E0472FE29}.Release|Any CPU.Build.0 = Release|Any CPU
		{7517BED7-5217-41EE-8C52-5D85F2D1D904}.Debug|Any CPU.ActiveCfg = Debug|Any CPU
		{7517BED7-5217-41EE-8C52-5D85F2D1D904}.Debug|Any CPU.Build.0 = Debug|Any CPU
		{7517BED7-5217-41EE-8C52-5D85F2D1D904}.Release|Any CPU.ActiveCfg = Release|Any CPU
		{7517BED7-5217-41EE-8C52-5D85F2D1D904}.Release|Any CPU.Build.0 = Release|Any CPU
		{4196ACAA-0AD5-490F-89D0-4DD209E96A93}.Debug|Any CPU.ActiveCfg = Debug|Any CPU
		{4196ACAA-0AD5-490F-89D0-4DD209E96A93}.Debug|Any CPU.Build.0 = Debug|Any CPU
		{4196ACAA-0AD5-490F-89D0-4DD209E96A93}.Release|Any CPU.ActiveCfg = Release|Any CPU
		{4196ACAA-0AD5-490F-89D0-4DD209E96A93}.Release|Any CPU.Build.0 = Release|Any CPU
	EndGlobalSection
	GlobalSection(SolutionProperties) = preSolution
		HideSolutionNode = FALSE
	EndGlobalSection
	GlobalSection(ExtensibilityGlobals) = postSolution
		SolutionGuid = {ED74618F-7E6C-4C79-860D-6CF6F47D1DC5}
	EndGlobalSection
EndGlobal
